
Microsoft Visual Studio Solution File, Format Version 11.00
# Visual Studio 2010
Project("{FAE04EC0-301F-11D3-BF4B-00C04F79EFBC}") = "Excel Lence", "Excel Lence\Excel Lence.csproj", "{F239EC48-B547-4F1A-98B9-AB52584C9A98}"
EndProject
Global
	GlobalSection(SolutionConfigurationPlatforms) = preSolution
		Debug|Any CPU = Debug|Any CPU
		Release|Any CPU = Release|Any CPU
	EndGlobalSection
	GlobalSection(ProjectConfigurationPlatforms) = postSolution
		{F239EC48-B547-4F1A-98B9-AB52584C9A98}.Debug|Any CPU.ActiveCfg = Debug|Any CPU
		{F239EC48-B547-4F1A-98B9-AB52584C9A98}.Debug|Any CPU.Build.0 = Debug|Any CPU
		{F239EC48-B547-4F1A-98B9-AB52584C9A98}.Release|Any CPU.ActiveCfg = Release|Any CPU
		{F239EC48-B547-4F1A-98B9-AB52584C9A98}.Release|Any CPU.Build.0 = Release|Any CPU
	EndGlobalSection
	GlobalSection(SolutionProperties) = preSolution
		HideSolutionNode = FALSE
	EndGlobalSection
EndGlobal
